dependencies:
- name: postgresql
  repository: https://charts.bitnami.com/bitnami
  version: 12.2.8
- name: postgresql
  repository: https://charts.bitnami.com/bitnami
  version: 12.2.8
- name: kafka
  repository: https://charts.bitnami.com/bitnami
  version: 20.0.6
digest: sha256:e26307b82e24efa91926f536c420775d1db7002a69909c4c189d737a6ede9142
generated: "2025-05-16T09:45:36.420884+09:00"
